[renv]
Version=0.4.0-3

[R]
Version=3.6.0
Repositories=
	CRAN=http://lib.stat.cmu.edu/R/CRAN/

[Bioconductor]
Repositories=
	BioCsoft=https://bioconductor.org/packages/3.9/bioc
	BioCann=https://bioconductor.org/packages/3.9/data/annotation
	BioCexp=https://bioconductor.org/packages/3.9/data/experiment
	BioCworkflows=https://bioconductor.org/packages/3.9/workflows
	CRAN=http://lib.stat.cmu.edu/R/CRAN/

[R/Package/BH]
Package=BH
Version=1.69.0-1
Source=CRAN
Hash=cfad72c4156ccde689e24ed26010a931

[R/Package/Biobase]
Package=Biobase
Version=2.44.0
Source=Bioconductor
Hash=e95ef26281b7c83b10486279358c7f98

[R/Package/BiocGenerics]
Package=BiocGenerics
Version=0.30.0
Source=Bioconductor
Hash=3eef61b00997cf0f46a1b9e86d7351e7

[R/Package/BiocManager]
Package=BiocManager
Version=1.30.4
Source=CRAN
Hash=6d28c88067214679a36e985ca151b89b

[R/Package/BiocParallel]
Package=BiocParallel
Version=1.18.0
Source=Bioconductor
Hash=b19b4664dc4eb8039c4a1bcab73c433a

[R/Package/BiocVersion]
Package=BiocVersion
Version=3.9.0
Source=Bioconductor
Hash=827302d1444b4ec35adf2a18ab75afcc

[R/Package/Biostrings]
Package=Biostrings
Version=2.52.0
Source=Bioconductor
Hash=56b91735f34731c50898ca648cf7a694

[R/Package/DBI]
Package=DBI
Version=1.0.0
Source=CRAN
Hash=1ef1e76f32e6d1ba1ffa20fa6f4119ba

[R/Package/DelayedArray]
Package=DelayedArray
Version=0.10.0
Source=Bioconductor
Hash=c8c204f96449dbab9e5a8635ad3c857f

[R/Package/GEOquery]
Package=GEOquery
Version=2.52.0
Source=Bioconductor
Hash=13c9f39df2dcae37f7593f29072cc590

[R/Package/GenomeInfoDb]
Package=GenomeInfoDb
Version=1.20.0
Source=Bioconductor
Hash=39336460dfd3fd1ad3b5ad02fc41ad09

[R/Package/GenomeInfoDbData]
Package=GenomeInfoDbData
Version=1.2.1
Source=Bioconductor
Hash=6490bc82580d6e02f1abcd6c75aeadbd

[R/Package/GenomicRanges]
Package=GenomicRanges
Version=1.36.0
Source=Bioconductor
Hash=2b835aeef94befbd32e9032af1375924

[R/Package/IRanges]
Package=IRanges
Version=2.18.0
Source=Bioconductor
Hash=c54f8c3a996ebf90fcab9ba0f12b0ae6

[R/Package/MASS]
Package=MASS
Version=7.3-51.4
Source=CRAN
Hash=3f74d247b4ab8e3f0fd6c8655ba4ee09

[R/Package/Matrix]
Package=Matrix
Version=1.2-17
Source=CRAN
Hash=37c16af3f7da98c8f5da858855e13115

[R/Package/R6]
Package=R6
Version=2.4.0
Source=CRAN
Hash=4f39f15779e55cb06d47e0904b14522c

[R/Package/RColorBrewer]
Package=RColorBrewer
Version=1.1-2
Source=CRAN
Hash=c415f5010b2a1775dc6e3bd27f609666

[R/Package/RCurl]
Package=RCurl
Version=1.95-4.12
Source=CRAN
Hash=3fb63a640ba53bce014d0157e1679335

[R/Package/RSQLite]
Package=RSQLite
Version=2.1.1
Source=CRAN
Hash=5175121453546691be25f54183d8423b

[R/Package/Rcpp]
Package=Rcpp
Version=1.0.1
Source=CRAN
Hash=53a3039e93de5ce8f1d3143389a44e6b

[R/Package/S4Vectors]
Package=S4Vectors
Version=0.22.0
Source=Bioconductor
Hash=f6b5dacb4249e24936e08afef9b08b19

[R/Package/SummarizedExperiment]
Package=SummarizedExperiment
Version=1.14.0
Source=Bioconductor
Hash=acf2d2253869177e3bbf66a3daf95b81

[R/Package/XML]
Package=XML
Version=3.98-1.19
Source=CRAN
Hash=49adc32e27fdc73936513d17a761dfc6

[R/Package/XVector]
Package=XVector
Version=0.24.0
Source=Bioconductor
Hash=62a74168d9314c4826221186ea9e12d1

[R/Package/affxparser]
Package=affxparser
Version=1.56.0
Source=Bioconductor
Hash=d2755da8371a43e330a981701f2db911

[R/Package/affyio]
Package=affyio
Version=1.54.0
Source=Bioconductor
Hash=bc4466c8ae6b9375678ef6f50811344b

[R/Package/annotables]
Package=annotables
Version=0.1.91
Source=GitHub
RemoteType=github
RemoteHost=api.github.com
RemoteRepo=annotables
RemoteUsername=stephenturner
RemoteRef=master
RemoteSha=805a247f2ec9cfe38b744d2146f7a5bd58c6c496
Hash=17a6e18d40e814e26f87cec8a2e05ec2

[R/Package/askpass]
Package=askpass
Version=1.1
Source=CRAN
Hash=22d589bdbeb821c20dcff25ff641f6fb

[R/Package/assertthat]
Package=assertthat
Version=0.2.1
Source=CRAN
Hash=47c5d99ca6da06d75f480d96b9f96422

[R/Package/backports]
Package=backports
Version=1.1.4
Source=CRAN
Hash=f8cd17cda96337d3ca8d876d78df1db4

[R/Package/base64enc]
Package=base64enc
Version=0.1-3
Source=CRAN
Hash=98474bb1d2468b052cdf9c94abebc97f

[R/Package/bit]
Package=bit
Version=1.1-14
Source=CRAN
Hash=b011bda3bbb2c7b9b3024139e91069a3

[R/Package/bit64]
Package=bit64
Version=0.9-7
Source=CRAN
Hash=227688525b8f17b940490c50983d1619

[R/Package/bitops]
Package=bitops
Version=1.0-6
Source=CRAN
Hash=6de632bfd4d47e0f1e7969e2a0f6a914

[R/Package/blob]
Package=blob
Version=1.1.1
Source=CRAN
Hash=14e7c50532bf63739f36d4646033ba7e

[R/Package/broom]
Package=broom
Version=0.5.2
Source=CRAN
Hash=d6d66c69e57f43d7def45356aefec2e4

[R/Package/callr]
Package=callr
Version=3.2.0
Source=CRAN
Hash=2f96fee5ac6fb41520a0f87b6d1b9de5

[R/Package/cellranger]
Package=cellranger
Version=1.1.0
Source=CRAN
Hash=2dca890fda2e0910eeacb38a2c27af72

[R/Package/cli]
Package=cli
Version=1.1.0
Source=CRAN
Hash=0b5e29bc7acf6175de5310f9f70ec216

[R/Package/clipr]
Package=clipr
Version=0.6.0
Source=CRAN
Hash=43b6ce0b24c48657af2c2206661f0a67

[R/Package/colorspace]
Package=colorspace
Version=1.4-1
Source=CRAN
Hash=293d419f775e4871b4cc47cda1ca652c

[R/Package/crayon]
Package=crayon
Version=1.3.4
Source=CRAN
Hash=f57126a0d24ca978ba32632bb3d26fe4

[R/Package/curl]
Package=curl
Version=3.3
Source=CRAN
Hash=83929b3e5c3bc4f2c95ce7470085f721

[R/Package/dbplyr]
Package=dbplyr
Version=1.4.0
Source=CRAN
Hash=4b912d262bc7487e0de111a4f6f1bc3c

[R/Package/digest]
Package=digest
Version=0.6.18
Source=CRAN
Hash=c53b5dd4fbd6054e2ef6b8e93f34192f

[R/Package/dplyr]
Package=dplyr
Version=0.8.0.1
Source=CRAN
Hash=244d384f2a2f7af5a0f386838f6e9ec1

[R/Package/ellipsis]
Package=ellipsis
Version=0.1.0
Source=CRAN
Hash=d433bae00f14af3002b137add5c530b5

[R/Package/evaluate]
Package=evaluate
Version=0.13
Source=CRAN
Hash=e5383cdfb2c6dfd5a04f91466f3c78e9

[R/Package/fansi]
Package=fansi
Version=0.4.0
Source=CRAN
Hash=a7730510208607abde04cfe3808e78e0

[R/Package/ff]
Package=ff
Version=2.2-14
Source=CRAN
Hash=415b0a04bd29a62c0ce3c0e311c46a0b

[R/Package/forcats]
Package=forcats
Version=0.4.0
Source=CRAN
Hash=bca530c76aabd907fa2a83d21a02db81

[R/Package/foreach]
Package=foreach
Version=1.4.4
Source=CRAN
Hash=dbf7619e27fb08d45eda81527dbe60a6

[R/Package/formatR]
Package=formatR
Version=1.6
Source=CRAN
Hash=5310d2c9bf850beb7c4a7b93d42a0aa9

[R/Package/fs]
Package=fs
Version=1.3.1
Source=CRAN
Hash=e6931cdd6dba4b5d22aefa21806b36c3

[R/Package/futile.logger]
Package=futile.logger
Version=1.4.3
Source=CRAN
Hash=38ed7722d846defde8a6aa07aca346d7

[R/Package/futile.options]
Package=futile.options
Version=1.0.1
Source=CRAN
Hash=6c216bb4322a3aa8d8b23c513ad7b459

[R/Package/generics]
Package=generics
Version=0.0.2
Source=CRAN
Hash=535279fb8af0234a10424cfb5c83260f

[R/Package/ggplot2]
Package=ggplot2
Version=3.1.1
Source=CRAN
Hash=924eec7319f30c8e8ce196386bf8b829

[R/Package/glue]
Package=glue
Version=1.3.1
Source=CRAN
Hash=55619f06d552401c2d4ffece76499ce2

[R/Package/gtable]
Package=gtable
Version=0.3.0
Source=CRAN
Hash=1139982677066ce2ec7c8d6d12f89e3d

[R/Package/haven]
Package=haven
Version=2.1.0
Source=CRAN
Hash=60a4f85fa8aaabb7632b03480cca6bc6

[R/Package/highr]
Package=highr
Version=0.8
Source=CRAN
Hash=e55de296dfdda8215e0c3fa0f4c6b84f

[R/Package/hms]
Package=hms
Version=0.4.2
Source=CRAN
Hash=d37946ab470b95d250afae8502c70673

[R/Package/htmltools]
Package=htmltools
Version=0.3.6
Source=CRAN
Hash=acbf3a50732562af0ff1fbf1050da7ee

[R/Package/httr]
Package=httr
Version=1.4.0
Source=CRAN
Hash=1127087295caa7e4a0766e21709017ab

[R/Package/iterators]
Package=iterators
Version=1.0.10
Source=CRAN
Hash=820915a2891e5350f6e3d7dc98f6489f

[R/Package/jsonlite]
Package=jsonlite
Version=1.6
Source=CRAN
Hash=1527c6ad6c00ff3f0d0a02b01650fd87

[R/Package/knitr]
Package=knitr
Version=1.22
Source=CRAN
Hash=655fa43cd520e8bca66a38ab3290753e

[R/Package/labeling]
Package=labeling
Version=0.3
Source=CRAN
Hash=ffa597ca526ba3020eb878a4bc1cb8ab

[R/Package/lambda.r]
Package=lambda.r
Version=1.2.3
Source=CRAN
Hash=13a8e870954cea1c79e9c4aaa6e2755a

[R/Package/lattice]
Package=lattice
Version=0.20-38
Source=CRAN
Hash=0251b49e8f0cc1f8fb68e587c519bae8

[R/Package/lazyeval]
Package=lazyeval
Version=0.2.2
Source=CRAN
Hash=c11c47f14490dbed7013c37a1a217cc1

[R/Package/limma]
Package=limma
Version=3.40.0
Source=Bioconductor
Hash=b7b342a360de19d13931520e5a07abe8

[R/Package/lubridate]
Package=lubridate
Version=1.7.4
Source=CRAN
Hash=ecc440cf76cdf90c0c34de6e0a0267fb

[R/Package/magrittr]
Package=magrittr
Version=1.5
Source=CRAN
Hash=c079d05aaae9556f4dbeea615a764871

[R/Package/markdown]
Package=markdown
Version=0.9
Source=CRAN
Hash=1ee034245d9f360cb0dfa86ff46a24d9

[R/Package/matrixStats]
Package=matrixStats
Version=0.54.0
Source=CRAN
Hash=c612feacf54403cfa29ec6733a8e83b4

[R/Package/memoise]
Package=memoise
Version=1.1.0
Source=CRAN
Hash=9d6090adf003d75c85245783bcef21b4

[R/Package/mgcv]
Package=mgcv
Version=1.8-28
Source=CRAN
Hash=546b79187d2ce2b5255451684b97dcc4

[R/Package/mime]
Package=mime
Version=0.6
Source=CRAN
Hash=00690a1726fcfc215a3e5908bf56802b

[R/Package/modelr]
Package=modelr
Version=0.1.4
Source=CRAN
Hash=d2c9f958f51dc20da109789c3806e2d6

[R/Package/munsell]
Package=munsell
Version=0.5.0
Source=CRAN
Hash=d2e295adcf750acbd8a6afd5e15a9c1b

[R/Package/nlme]
Package=nlme
Version=3.1-139
Source=CRAN
Hash=30cb904ab86ee39ae8a213a6e3d6a44f

[R/Package/oligo]
Package=oligo
Version=1.48.0
Source=Bioconductor
Hash=b74ef5bd7dfa69e663519f110b45069e

[R/Package/oligoClasses]
Package=oligoClasses
Version=1.46.0
Source=Bioconductor
Hash=74069163eae508191da4aa23232f1b68

[R/Package/openssl]
Package=openssl
Version=1.3
Source=CRAN
Hash=412ae4d99b071b07486b2ca1168d7898

[R/Package/pillar]
Package=pillar
Version=1.3.1
Source=CRAN
Hash=72aee685cae8264904f6349867dc144a

[R/Package/pkgconfig]
Package=pkgconfig
Version=2.0.2
Source=CRAN
Hash=429340caafe5e22eb0fcf89cd170b4db

[R/Package/plogr]
Package=plogr
Version=0.2.0
Source=CRAN
Hash=e33de17b3d41d70c32e716536104d3fb

[R/Package/plyr]
Package=plyr
Version=1.8.4
Source=CRAN
Hash=c3d1aded87079c209602e755d6341fd1

[R/Package/preprocessCore]
Package=preprocessCore
Version=1.46.0
Source=Bioconductor
Hash=c9a0089cef620c72643e3242ca4b2f0b

[R/Package/prettyunits]
Package=prettyunits
Version=1.0.2
Source=CRAN
Hash=0acfa2bf224e49369bde27b7523aa660

[R/Package/processx]
Package=processx
Version=3.3.1
Source=CRAN
Hash=b10b97ce72351372f8d7928e0207f9af

[R/Package/progress]
Package=progress
Version=1.2.0
Source=CRAN
Hash=5e00ce1fffb00947eec15c035f7d32d0

[R/Package/ps]
Package=ps
Version=1.3.0
Source=CRAN
Hash=03f4e614840f8afc601701f95c9b1208

[R/Package/purrr]
Package=purrr
Version=0.3.2
Source=CRAN
Hash=896b57f02c12b74c78945f0e2202e526

[R/Package/readr]
Package=readr
Version=1.3.1
Source=CRAN
Hash=877d4a67fac3a3c4d2361610c3c2a483

[R/Package/readxl]
Package=readxl
Version=1.3.1
Source=CRAN
Hash=d191cfd37ac5d1b04eec8ef5ebbcc66c

[R/Package/rematch]
Package=rematch
Version=1.0.1
Source=CRAN
Hash=68b96cf0beeb56d18fec3b831f7b754f

[R/Package/reprex]
Package=reprex
Version=0.2.1
Source=CRAN
Hash=002711669fc4a5a99095e93f28e3c819

[R/Package/reshape2]
Package=reshape2
Version=1.4.3
Source=CRAN
Hash=036286e358984519ef02581be2bd92b8

[R/Package/rlang]
Package=rlang
Version=0.3.4
Source=CRAN
Hash=dd580c9a334b9179881d5dc4f931acaf

[R/Package/rmarkdown]
Package=rmarkdown
Version=1.12
Source=CRAN
Hash=d839f48d3b26e062338d784c59a7960b

[R/Package/rstudioapi]
Package=rstudioapi
Version=0.10
Source=CRAN
Hash=0a9a57ac8bc27cafe9a3904deb2e267b

[R/Package/rvest]
Package=rvest
Version=0.3.3
Source=CRAN
Hash=f2a0f8701a14c8d4d2a6119326ed53c5

[R/Package/scales]
Package=scales
Version=1.0.0
Source=CRAN
Hash=0a7b764f1e0d66185ace2758c3353855

[R/Package/selectr]
Package=selectr
Version=0.4-1
Source=CRAN
Hash=1fb5dfb3e338005d14339d1f89fbc15c

[R/Package/snow]
Package=snow
Version=0.4-3
Source=CRAN
Hash=2f7a7be16ce4825abefdea4dc0c9fea8

[R/Package/stringi]
Package=stringi
Version=1.4.3
Source=CRAN
Hash=196830ccb8e4ff492b37062d19c3c9b1

[R/Package/stringr]
Package=stringr
Version=1.4.0
Source=CRAN
Hash=568b942ad8065463d9beb45c212e4089

[R/Package/sys]
Package=sys
Version=3.2
Source=CRAN
Hash=0c43bba658518eeb02b857c8e82de3ee

[R/Package/tibble]
Package=tibble
Version=2.1.1
Source=CRAN
Hash=d9ba62e3a7d5bc3a30a4361fd0e769dc

[R/Package/tidyr]
Package=tidyr
Version=0.8.3
Source=CRAN
Hash=173bba48cd37c424bc9f8f622f0888dd

[R/Package/tidyselect]
Package=tidyselect
Version=0.2.5
Source=CRAN
Hash=cb4e7e81a360b877572804e9a6311375

[R/Package/tidyverse]
Package=tidyverse
Version=1.2.1
Source=CRAN
Hash=3c739b97fe96b7597216eff9d43a569c

[R/Package/tinytex]
Package=tinytex
Version=0.12
Source=CRAN
Hash=51e3fd36947258b9f3170279d903e7db

[R/Package/utf8]
Package=utf8
Version=1.1.4
Source=CRAN
Hash=dbacd54ef408a11a83b9c0558d897970

[R/Package/viridisLite]
Package=viridisLite
Version=0.3.0
Source=CRAN
Hash=5045453f21c0128c65c2a10c776b3e47

[R/Package/whisker]
Package=whisker
Version=0.3-2
Source=CRAN
Hash=4dbd79a7e9b8e2593c1402d68c9ee682

[R/Package/withr]
Package=withr
Version=2.1.2
Source=CRAN
Hash=e0f31d2ce08a4adfeebe9b0b3fd8f5d4

[R/Package/xfun]
Package=xfun
Version=0.6
Source=CRAN
Hash=210ec55ee7851c3f2df06443098ee9bd

[R/Package/xml2]
Package=xml2
Version=1.2.0
Source=CRAN
Hash=2cef311d8568a50184e12814c95c22bf

[R/Package/yaml]
Package=yaml
Version=2.2.0
Source=CRAN
Hash=1cf8dfe48ca1f014d5bdad603950c414

[R/Package/zlibbioc]
Package=zlibbioc
Version=1.30.0
Source=Bioconductor
Hash=b087bbbd1376de6688b31b92744dc564

